
Microsoft Visual Studio Solution File, Format Version 12.00
# Visual Studio 15
VisualStudioVersion = 15.0.28307.329
MinimumVisualStudioVersion = 10.0.40219.1
Project("{FAE04EC0-301F-11D3-BF4B-00C04F79EFBC}") = "Dan01", "Dan01\Dan01.csproj", "{09D218C5-E374-4BA8-BFE6-E4CB3345B3CD}"
EndProject
Global
	GlobalSection(SolutionConfigurationPlatforms) = preSolution
		Debug|Any CPU = Debug|Any CPU
		Release|Any CPU = Release|Any CPU
	EndGlobalSection
	GlobalSection(ProjectConfigurationPlatforms) = postSolution
		{09D218C5-E374-4BA8-BFE6-E4CB3345B3CD}.Debug|Any CPU.ActiveCfg = Debug|Any CPU
		{09D218C5-E374-4BA8-BFE6-E4CB3345B3CD}.Debug|Any CPU.Build.0 = Debug|Any CPU
		{09D218C5-E374-4BA8-BFE6-E4CB3345B3CD}.Release|Any CPU.ActiveCfg = Release|Any CPU
		{09D218C5-E374-4BA8-BFE6-E4CB3345B3CD}.Release|Any CPU.Build.0 = Release|Any CPU
	EndGlobalSection
	GlobalSection(SolutionProperties) = preSolution
		HideSolutionNode = FALSE
	EndGlobalSection
	GlobalSection(ExtensibilityGlobals) = postSolution
		SolutionGuid = {D216F37F-CCFF-4015-A82D-48E4B909AD6B}
	EndGlobalSection
EndGlobal
