
Microsoft Visual Studio Solution File, Format Version 12.00
# Visual Studio 15
VisualStudioVersion = 15.0.28307.645
MinimumVisualStudioVersion = 10.0.40219.1
Project("{FAE04EC0-301F-11D3-BF4B-00C04F79EFBC}") = "Projekat", "Projekat\Projekat.csproj", "{6254FCEE-1691-4729-B786-EDFBD53A3302}"
EndProject
Project("{FAE04EC0-301F-11D3-BF4B-00C04F79EFBC}") = "SpringFileData", "SpringFileData\SpringFileData.csproj", "{39F0D847-BE70-4C70-9154-EDDCEB0EF3E0}"
EndProject
Global
	GlobalSection(SolutionConfigurationPlatforms) = preSolution
		Debug|Any CPU = Debug|Any CPU
		Release|Any CPU = Release|Any CPU
	EndGlobalSection
	GlobalSection(ProjectConfigurationPlatforms) = postSolution
		{6254FCEE-1691-4729-B786-EDFBD53A3302}.Debug|Any CPU.ActiveCfg = Debug|Any CPU
		{6254FCEE-1691-4729-B786-EDFBD53A3302}.Debug|Any CPU.Build.0 = Debug|Any CPU
		{6254FCEE-1691-4729-B786-EDFBD53A3302}.Release|Any CPU.ActiveCfg = Release|Any CPU
		{6254FCEE-1691-4729-B786-EDFBD53A3302}.Release|Any CPU.Build.0 = Release|Any CPU
		{39F0D847-BE70-4C70-9154-EDDCEB0EF3E0}.Debug|Any CPU.ActiveCfg = Debug|Any CPU
		{39F0D847-BE70-4C70-9154-EDDCEB0EF3E0}.Debug|Any CPU.Build.0 = Debug|Any CPU
		{39F0D847-BE70-4C70-9154-EDDCEB0EF3E0}.Release|Any CPU.ActiveCfg = Release|Any CPU
		{39F0D847-BE70-4C70-9154-EDDCEB0EF3E0}.Release|Any CPU.Build.0 = Release|Any CPU
	EndGlobalSection
	GlobalSection(SolutionProperties) = preSolution
		HideSolutionNode = FALSE
	EndGlobalSection
	GlobalSection(ExtensibilityGlobals) = postSolution
		SolutionGuid = {1DEC06BB-2CF5-47C2-9184-A09305142FF1}
	EndGlobalSection
EndGlobal
