
Microsoft Visual Studio Solution File, Format Version 12.00
# Visual Studio 15
VisualStudioVersion = 15.0.28307.645
MinimumVisualStudioVersion = 10.0.40219.1
Project("{FAE04EC0-301F-11D3-BF4B-00C04F79EFBC}") = "FileUploadAPI", "FileUploadAPI\FileUploadAPI.csproj", "{CFFFE8BC-53B8-4E96-BAE6-8D7F8A80F17B}"
EndProject
Project("{FAE04EC0-301F-11D3-BF4B-00C04F79EFBC}") = "LoggingExample", "LoggingExample\LoggingExample.csproj", "{EF70E890-FDD5-4963-9CDB-FF79F5934763}"
EndProject
Global
	GlobalSection(SolutionConfigurationPlatforms) = preSolution
		Debug|Any CPU = Debug|Any CPU
		Release|Any CPU = Release|Any CPU
	EndGlobalSection
	GlobalSection(ProjectConfigurationPlatforms) = postSolution
		{CFFFE8BC-53B8-4E96-BAE6-8D7F8A80F17B}.Debug|Any CPU.ActiveCfg = Debug|Any CPU
		{CFFFE8BC-53B8-4E96-BAE6-8D7F8A80F17B}.Debug|Any CPU.Build.0 = Debug|Any CPU
		{CFFFE8BC-53B8-4E96-BAE6-8D7F8A80F17B}.Release|Any CPU.ActiveCfg = Release|Any CPU
		{CFFFE8BC-53B8-4E96-BAE6-8D7F8A80F17B}.Release|Any CPU.Build.0 = Release|Any CPU
		{EF70E890-FDD5-4963-9CDB-FF79F5934763}.Debug|Any CPU.ActiveCfg = Debug|Any CPU
		{EF70E890-FDD5-4963-9CDB-FF79F5934763}.Debug|Any CPU.Build.0 = Debug|Any CPU
		{EF70E890-FDD5-4963-9CDB-FF79F5934763}.Release|Any CPU.ActiveCfg = Release|Any CPU
		{EF70E890-FDD5-4963-9CDB-FF79F5934763}.Release|Any CPU.Build.0 = Release|Any CPU
	EndGlobalSection
	GlobalSection(SolutionProperties) = preSolution
		HideSolutionNode = FALSE
	EndGlobalSection
	GlobalSection(ExtensibilityGlobals) = postSolution
		SolutionGuid = {4E84ACA1-E495-48CC-8820-302C62C398D2}
	EndGlobalSection
EndGlobal
