
Microsoft Visual Studio Solution File, Format Version 12.00
# Visual Studio 15
VisualStudioVersion = 15.0.28307.645
MinimumVisualStudioVersion = 10.0.40219.1
Project("{FAE04EC0-301F-11D3-BF4B-00C04F79EFBC}") = "Dan07", "Dan07\Dan07.csproj", "{4C48AD6C-A67D-46BC-8ECF-1B2CF853D5C8}"
EndProject
Project("{FAE04EC0-301F-11D3-BF4B-00C04F79EFBC}") = "UsersV2", "UsersV2\UsersV2.csproj", "{6B88F4D3-A68A-4030-9861-F305BCA2CE1C}"
EndProject
Project("{FAE04EC0-301F-11D3-BF4B-00C04F79EFBC}") = "UsersV3", "UsersV3\UsersV3.csproj", "{EDED77C6-947D-4D6E-9E2B-A02C675AB107}"
EndProject
Global
	GlobalSection(SolutionConfigurationPlatforms) = preSolution
		Debug|Any CPU = Debug|Any CPU
		Release|Any CPU = Release|Any CPU
	EndGlobalSection
	GlobalSection(ProjectConfigurationPlatforms) = postSolution
		{4C48AD6C-A67D-46BC-8ECF-1B2CF853D5C8}.Debug|Any CPU.ActiveCfg = Debug|Any CPU
		{4C48AD6C-A67D-46BC-8ECF-1B2CF853D5C8}.Debug|Any CPU.Build.0 = Debug|Any CPU
		{4C48AD6C-A67D-46BC-8ECF-1B2CF853D5C8}.Release|Any CPU.ActiveCfg = Release|Any CPU
		{4C48AD6C-A67D-46BC-8ECF-1B2CF853D5C8}.Release|Any CPU.Build.0 = Release|Any CPU
		{6B88F4D3-A68A-4030-9861-F305BCA2CE1C}.Debug|Any CPU.ActiveCfg = Debug|Any CPU
		{6B88F4D3-A68A-4030-9861-F305BCA2CE1C}.Debug|Any CPU.Build.0 = Debug|Any CPU
		{6B88F4D3-A68A-4030-9861-F305BCA2CE1C}.Release|Any CPU.ActiveCfg = Release|Any CPU
		{6B88F4D3-A68A-4030-9861-F305BCA2CE1C}.Release|Any CPU.Build.0 = Release|Any CPU
		{EDED77C6-947D-4D6E-9E2B-A02C675AB107}.Debug|Any CPU.ActiveCfg = Debug|Any CPU
		{EDED77C6-947D-4D6E-9E2B-A02C675AB107}.Debug|Any CPU.Build.0 = Debug|Any CPU
		{EDED77C6-947D-4D6E-9E2B-A02C675AB107}.Release|Any CPU.ActiveCfg = Release|Any CPU
		{EDED77C6-947D-4D6E-9E2B-A02C675AB107}.Release|Any CPU.Build.0 = Release|Any CPU
	EndGlobalSection
	GlobalSection(SolutionProperties) = preSolution
		HideSolutionNode = FALSE
	EndGlobalSection
	GlobalSection(ExtensibilityGlobals) = postSolution
		SolutionGuid = {2743EBE4-D70C-4E49-BB13-65A2154E6E7D}
	EndGlobalSection
EndGlobal
